
Microsoft Visual Studio Solution File, Format Version 12.00
# Visual Studio Version 17
VisualStudioVersion = 17.6.33815.320
MinimumVisualStudioVersion = 10.0.40219.1
Project("{FAE04EC0-301F-11D3-BF4B-00C04F79EFBC}") = "ZCanvas", "ZCanvas\ZCanvas.csproj", "{A033263F-F8DD-4FB2-B786-D38CEB17D7A1}"
EndProject
Project("{FAE04EC0-301F-11D3-BF4B-00C04F79EFBC}") = "ZCanvas.Lib", "ZCanvas.Lib\ZCanvas.Lib.csproj", "{8E80C9AC-A3DC-4B62-A532-92AFCEB153E9}"
EndProject
Project("{FAE04EC0-301F-11D3-BF4B-00C04F79EFBC}") = "ZCanvas.Test", "ZCanvas.Test\ZCanvas.Test.csproj", "{B35303D3-1566-480A-B028-71B675E5A113}"
EndProject
Project("{FAE04EC0-301F-11D3-BF4B-00C04F79EFBC}") = "ZCanvas.CliTest", "ZCanvas.CliTest\ZCanvas.CliTest.csproj", "{A037231A-F76C-415E-9C27-759BD71A27A5}"
EndProject
Global
	GlobalSection(SolutionConfigurationPlatforms) = preSolution
		Debug|Any CPU = Debug|Any CPU
		Release|Any CPU = Release|Any CPU
	EndGlobalSection
	GlobalSection(ProjectConfigurationPlatforms) = postSolution
		{A033263F-F8DD-4FB2-B786-D38CEB17D7A1}.Debug|Any CPU.ActiveCfg = Debug|Any CPU
		{A033263F-F8DD-4FB2-B786-D38CEB17D7A1}.Debug|Any CPU.Build.0 = Debug|Any CPU
		{A033263F-F8DD-4FB2-B786-D38CEB17D7A1}.Release|Any CPU.ActiveCfg = Release|Any CPU
		{A033263F-F8DD-4FB2-B786-D38CEB17D7A1}.Release|Any CPU.Build.0 = Release|Any CPU
		{8E80C9AC-A3DC-4B62-A532-92AFCEB153E9}.Debug|Any CPU.ActiveCfg = Debug|Any CPU
		{8E80C9AC-A3DC-4B62-A532-92AFCEB153E9}.Debug|Any CPU.Build.0 = Debug|Any CPU
		{8E80C9AC-A3DC-4B62-A532-92AFCEB153E9}.Release|Any CPU.ActiveCfg = Release|Any CPU
		{8E80C9AC-A3DC-4B62-A532-92AFCEB153E9}.Release|Any CPU.Build.0 = Release|Any CPU
		{B35303D3-1566-480A-B028-71B675E5A113}.Debug|Any CPU.ActiveCfg = Debug|Any CPU
		{B35303D3-1566-480A-B028-71B675E5A113}.Debug|Any CPU.Build.0 = Debug|Any CPU
		{B35303D3-1566-480A-B028-71B675E5A113}.Release|Any CPU.ActiveCfg = Release|Any CPU
		{B35303D3-1566-480A-B028-71B675E5A113}.Release|Any CPU.Build.0 = Release|Any CPU
		{A037231A-F76C-415E-9C27-759BD71A27A5}.Debug|Any CPU.ActiveCfg = Debug|Any CPU
		{A037231A-F76C-415E-9C27-759BD71A27A5}.Debug|Any CPU.Build.0 = Debug|Any CPU
		{A037231A-F76C-415E-9C27-759BD71A27A5}.Release|Any CPU.ActiveCfg = Release|Any CPU
		{A037231A-F76C-415E-9C27-759BD71A27A5}.Release|Any CPU.Build.0 = Release|Any CPU
	EndGlobalSection
	GlobalSection(SolutionProperties) = preSolution
		HideSolutionNode = FALSE
	EndGlobalSection
	GlobalSection(ExtensibilityGlobals) = postSolution
		SolutionGuid = {C6377E6F-7776-4274-A153-15C43B4553D1}
	EndGlobalSection
EndGlobal
